
Microsoft Visual Studio Solution File, Format Version 12.00
# Visual Studio Version 17
VisualStudioVersion = 17.0.32126.317
MinimumVisualStudioVersion = 10.0.40219.1
Project("{FAE04EC0-301F-11D3-BF4B-00C04F79EFBC}") = "quest_quiz", "quest_quiz.csproj", "{72B579D6-3840-4A13-BE4E-8AC23EB084B9}"
EndProject
Global
	GlobalSection(SolutionConfigurationPlatforms) = preSolution
		Debug|Any CPU = Debug|Any CPU
		Release|Any CPU = Release|Any CPU
	EndGlobalSection
	GlobalSection(ProjectConfigurationPlatforms) = postSolution
		{72B579D6-3840-4A13-BE4E-8AC23EB084B9}.Debug|Any CPU.ActiveCfg = Debug|Any CPU
		{72B579D6-3840-4A13-BE4E-8AC23EB084B9}.Debug|Any CPU.Build.0 = Debug|Any CPU
		{72B579D6-3840-4A13-BE4E-8AC23EB084B9}.Release|Any CPU.ActiveCfg = Release|Any CPU
		{72B579D6-3840-4A13-BE4E-8AC23EB084B9}.Release|Any CPU.Build.0 = Release|Any CPU
	EndGlobalSection
	GlobalSection(SolutionProperties) = preSolution
		HideSolutionNode = FALSE
	EndGlobalSection
	GlobalSection(ExtensibilityGlobals) = postSolution
		SolutionGuid = {75E4C5F5-CA4C-4D35-877E-DDB592743348}
	EndGlobalSection
EndGlobal
